{
  "name": "lagerregal",
  "requires": true,
  "lockfileVersion": 1,
  "dependencies": {
    "alpinejs": {
      "version": "2.8.2",
      "resolved": "https://registry.npmjs.org/alpinejs/-/alpinejs-2.8.2.tgz",
      "integrity": "sha512-5yOUtckn4CBp0qsHpo2qgjZyZit84uXvHbB7NJ27sn4FA6UlFl2i9PGUAdTXkcbFvvxDJBM+zpOD8RuNYFvQAw=="
    },
    "bootstrap": {
      "version": "4.6.0",
      "resolved": "https://registry.npmjs.org/bootstrap/-/bootstrap-4.6.0.tgz",
      "integrity": "sha512-Io55IuQY3kydzHtbGvQya3H+KorS/M9rSNyfCGCg9WZ4pyT/lCxIlpJgG1GXW/PswzC84Tr2fBYi+7+jFVQQBw=="
    },
    "bootswatch": {
      "version": "4.6.0",
      "resolved": "https://registry.npmjs.org/bootswatch/-/bootswatch-4.6.0.tgz",
      "integrity": "sha512-Yr6YqFBC8jwTzoJoLViYlvO97IhPWGqZEm+6FXHfD/G6gbUok6sZkdXxdh4Zb6iCGEwr9p7zGCn38yKQD/bh2Q=="
    },
    "datatables.net": {
      "version": "1.10.25",
      "resolved": "https://registry.npmjs.org/datatables.net/-/datatables.net-1.10.25.tgz",
      "integrity": "sha512-y0+C7all+MC/h1acwnjErhaJPjYGKpWTvbXrfEUbR8+P+nnhgjNn5nL1udgsTwBObMhlj1KITNBRrM/ZLSoj+Q==",
      "requires": {
        "jquery": ">=1.7"
      }
    },
    "datatables.net-bs4": {
      "version": "1.10.25",
      "resolved": "https://registry.npmjs.org/datatables.net-bs4/-/datatables.net-bs4-1.10.25.tgz",
      "integrity": "sha512-leoiWJWxoPKHBNC9dkFRE84PRybQcAI2Aw4UiS5zisROcYRx8YG1uQOTtID4jbqakmbwwXap/c2eH+sdVP5t2w==",
      "requires": {
        "datatables.net": "1.10.25",
        "jquery": ">=1.7"
      }
    },
    "font-awesome": {
      "version": "4.7.0",
      "resolved": "https://registry.npmjs.org/font-awesome/-/font-awesome-4.7.0.tgz",
      "integrity": "sha1-j6jPBBGhoxr9B7BtKQK7n8gVoTM="
    },
    "jquery": {
      "version": "3.6.0",
      "resolved": "https://registry.npmjs.org/jquery/-/jquery-3.6.0.tgz",
      "integrity": "sha512-JVzAR/AjBvVt2BmYhxRCSYysDsPcssdmTFnzyLEts9qNwmjmu4JTAMYubEfwVOSwpQ1I1sKKFcxhZCI2buerfw=="
    },
    "jquery-ui-dist": {
      "version": "1.12.1",
      "resolved": "https://registry.npmjs.org/jquery-ui-dist/-/jquery-ui-dist-1.12.1.tgz",
      "integrity": "sha1-XAgV08xvkP9fqvWyaKbiO0ypBPo="
    },
    "noty": {
      "version": "2.4.1",
      "resolved": "https://registry.npmjs.org/noty/-/noty-2.4.1.tgz",
      "integrity": "sha1-Qyf7CYX+k/aq25KfpoB/o8zYagc="
    },
    "popper.js": {
      "version": "1.16.1",
      "resolved": "https://registry.npmjs.org/popper.js/-/popper.js-1.16.1.tgz",
      "integrity": "sha512-Wb4p1J4zyFTbM+u6WuO4XstYx4Ky9Cewe4DWrel7B0w6VVICvPwdOpotjzcf6eD8TsckVnIMNONQyPIUFOUbCQ=="
    },
    "print-js": {
      "version": "1.6.0",
      "resolved": "https://registry.npmjs.org/print-js/-/print-js-1.6.0.tgz",
      "integrity": "sha512-BfnOIzSKbqGRtO4o0rnj/K3681BSd2QUrsIZy/+WdCIugjIswjmx3lDEZpXB2ruGf9d4b3YNINri81+J0FsBWg=="
    },
    "select2": {
      "version": "4.0.13",
      "resolved": "https://registry.npmjs.org/select2/-/select2-4.0.13.tgz",
      "integrity": "sha512-1JeB87s6oN/TDxQQYCvS5EFoQyvV6eYMZZ0AeA4tdFDYWN3BAGZ8npr17UBFddU0lgAt3H0yjX3X6/ekOj1yjw=="
    },
    "timeago": {
      "version": "1.6.7",
      "resolved": "https://registry.npmjs.org/timeago/-/timeago-1.6.7.tgz",
      "integrity": "sha512-FikcjN98+ij0siKH4VO4dZ358PR3oDDq4Vdl1+sN9gWz1/+JXGr3uZbUShYH/hL7bMhcTpPbplJU5Tej4b4jbQ==",
      "requires": {
        "jquery": ">=1.5.0 <4.0"
      }
    }
  }
}
