{
  "name": "lagerregal",
  "requires": true,
  "lockfileVersion": 1,
  "dependencies": {
    "alpinejs": {
      "version": "2.3.2",
      "resolved": "https://registry.npmjs.org/alpinejs/-/alpinejs-2.3.2.tgz",
      "integrity": "sha512-YRhE68fVu29EXGUDKql2KZ8iLRkGcvmFZIm9XPi5YL8f1Aw9nEUODOkA440A6Ct5ig7BHfHAhkP9KJ9EKysalw=="
    },
    "bootstrap": {
      "version": "4.3.1",
      "resolved": "https://registry.npmjs.org/bootstrap/-/bootstrap-4.3.1.tgz",
      "integrity": "sha512-rXqOmH1VilAt2DyPzluTi2blhk17bO7ef+zLLPlWvG494pDxcM234pJ8wTc/6R40UWizAIIMgxjvxZg5kmsbag=="
    },
    "bootswatch": {
      "version": "4.3.1",
      "resolved": "https://registry.npmjs.org/bootswatch/-/bootswatch-4.3.1.tgz",
      "integrity": "sha512-kNdpo/TnhO++aic1IODLIe1V0lx6pXwHMpwXMacpANDnuVDtgU1MUgUbVMC3rSWm4UcbImfwPraNYgjKDT0BtA=="
    },
    "datatables.net": {
      "version": "1.10.22",
      "resolved": "https://registry.npmjs.org/datatables.net/-/datatables.net-1.10.22.tgz",
      "integrity": "sha512-ujn8GvkQIBYzYH54XY7OrI0Zb35TKRd9ABYfbnXgBfwTGIFT6UsmXrfHU5Yk+MSDoF0sDu2TB+31V6c+zUZ0Pw==",
      "requires": {
        "jquery": ">=1.7"
      }
    },
    "datatables.net-bs4": {
      "version": "1.10.20",
      "resolved": "https://registry.npmjs.org/datatables.net-bs4/-/datatables.net-bs4-1.10.20.tgz",
      "integrity": "sha512-kQmMUMsHMOlAW96ztdoFqjSbLnlGZQ63iIM82kHbmldsfYdzuyhbb4hTx6YNBi481WCO3iPSvI6YodNec46ZAw==",
      "requires": {
        "datatables.net": "1.10.20",
        "jquery": ">=1.7"
      },
      "dependencies": {
        "datatables.net": {
          "version": "1.10.20",
          "resolved": "https://registry.npmjs.org/datatables.net/-/datatables.net-1.10.20.tgz",
          "integrity": "sha512-4E4S7tTU607N3h0fZPkGmAtr9mwy462u+VJ6gxYZ8MxcRIjZqHy3Dv1GNry7i3zQCktTdWbULVKBbkAJkuHEnQ==",
          "requires": {
            "jquery": ">=1.7"
          }
        }
      }
    },
    "font-awesome": {
      "version": "4.7.0",
      "resolved": "https://registry.npmjs.org/font-awesome/-/font-awesome-4.7.0.tgz",
      "integrity": "sha1-j6jPBBGhoxr9B7BtKQK7n8gVoTM="
    },
    "jquery": {
      "version": "3.5.1",
      "resolved": "https://registry.npmjs.org/jquery/-/jquery-3.5.1.tgz",
      "integrity": "sha512-XwIBPqcMn57FxfT+Go5pzySnm4KWkT1Tv7gjrpT1srtf8Weynl6R273VJ5GjkRb51IzMp5nbaPjJXMWeju2MKg=="
    },
    "jquery-ui-dist": {
      "version": "1.12.1",
      "resolved": "https://registry.npmjs.org/jquery-ui-dist/-/jquery-ui-dist-1.12.1.tgz",
      "integrity": "sha1-XAgV08xvkP9fqvWyaKbiO0ypBPo="
    },
    "mustache": {
      "version": "2.3.2",
      "resolved": "https://registry.npmjs.org/mustache/-/mustache-2.3.2.tgz",
      "integrity": "sha512-KpMNwdQsYz3O/SBS1qJ/o3sqUJ5wSb8gb0pul8CO0S56b9Y2ALm8zCfsjPXsqGFfoNBkDwZuZIAjhsZI03gYVQ=="
    },
    "noty": {
      "version": "2.4.1",
      "resolved": "https://registry.npmjs.org/noty/-/noty-2.4.1.tgz",
      "integrity": "sha1-Qyf7CYX+k/aq25KfpoB/o8zYagc="
    },
    "popper.js": {
      "version": "1.15.0",
      "resolved": "https://registry.npmjs.org/popper.js/-/popper.js-1.15.0.tgz",
      "integrity": "sha512-w010cY1oCUmI+9KwwlWki+r5jxKfTFDVoadl7MSrIujHU5MJ5OR6HTDj6Xo8aoR/QsA56x8jKjA59qGH4ELtrA=="
    },
    "print-js": {
      "version": "1.0.63",
      "resolved": "https://registry.npmjs.org/print-js/-/print-js-1.0.63.tgz",
      "integrity": "sha512-WKf79bFeqJpwx5vcjvEuL0J1bRVA5QlKQY+usFksOx0WOApSJwQGgMlgM2PVub/R1uUMF4onc2SWRWPNz4R40g=="
    },
    "select2": {
      "version": "4.0.11",
      "resolved": "https://registry.npmjs.org/select2/-/select2-4.0.11.tgz",
      "integrity": "sha512-8Z/yd43F5EMOkz2Mo+aE7nOx2i8nSuxGZVFkbeyCklkU+WTwCa+xdZqG+IPgZ75lkEkLD+X+f8vEG9aKBxISqA=="
    },
    "timeago": {
      "version": "1.6.7",
      "resolved": "https://registry.npmjs.org/timeago/-/timeago-1.6.7.tgz",
      "integrity": "sha512-FikcjN98+ij0siKH4VO4dZ358PR3oDDq4Vdl1+sN9gWz1/+JXGr3uZbUShYH/hL7bMhcTpPbplJU5Tej4b4jbQ==",
      "requires": {
        "jquery": ">=1.5.0 <4.0"
      }
    }
  }
}
